
Microsoft Visual Studio Solution File, Format Version 12.00
# Visual Studio Version 17
VisualStudioVersion = 17.8.34330.188
MinimumVisualStudioVersion = 10.0.40219.1
Project("{FAE04EC0-301F-11D3-BF4B-00C04F79EFBC}") = "LibrarySystem", "LibrarySystem\LibrarySystem.csproj", "{9EBF3FF6-F409-4B57-8F6A-78EFBCEE3B93}"
EndProject
Project("{840C416C-B8F3-42BC-B0DD-F6BB14C9F8CB}") = "Installer", "Installer\Installer.aiproj", "{6F5C3B40-FCA0-48C3-8F23-9505922C02A0}"
EndProject
Global
	GlobalSection(SolutionConfigurationPlatforms) = preSolution
		All|Any CPU = All|Any CPU
		Debug|Any CPU = Debug|Any CPU
		DefaultBuild|Any CPU = DefaultBuild|Any CPU
		Release|Any CPU = Release|Any CPU
	EndGlobalSection
	GlobalSection(ProjectConfigurationPlatforms) = postSolution
		{9EBF3FF6-F409-4B57-8F6A-78EFBCEE3B93}.All|Any CPU.ActiveCfg = Debug|Any CPU
		{9EBF3FF6-F409-4B57-8F6A-78EFBCEE3B93}.All|Any CPU.Build.0 = Debug|Any CPU
		{9EBF3FF6-F409-4B57-8F6A-78EFBCEE3B93}.Debug|Any CPU.ActiveCfg = Debug|Any CPU
		{9EBF3FF6-F409-4B57-8F6A-78EFBCEE3B93}.Debug|Any CPU.Build.0 = Debug|Any CPU
		{9EBF3FF6-F409-4B57-8F6A-78EFBCEE3B93}.DefaultBuild|Any CPU.ActiveCfg = Debug|Any CPU
		{9EBF3FF6-F409-4B57-8F6A-78EFBCEE3B93}.DefaultBuild|Any CPU.Build.0 = Debug|Any CPU
		{9EBF3FF6-F409-4B57-8F6A-78EFBCEE3B93}.Release|Any CPU.ActiveCfg = Release|Any CPU
		{9EBF3FF6-F409-4B57-8F6A-78EFBCEE3B93}.Release|Any CPU.Build.0 = Release|Any CPU
		{6F5C3B40-FCA0-48C3-8F23-9505922C02A0}.All|Any CPU.ActiveCfg = All
		{6F5C3B40-FCA0-48C3-8F23-9505922C02A0}.All|Any CPU.Build.0 = All
		{6F5C3B40-FCA0-48C3-8F23-9505922C02A0}.Debug|Any CPU.ActiveCfg = All
		{6F5C3B40-FCA0-48C3-8F23-9505922C02A0}.Debug|Any CPU.Build.0 = All
		{6F5C3B40-FCA0-48C3-8F23-9505922C02A0}.DefaultBuild|Any CPU.ActiveCfg = All
		{6F5C3B40-FCA0-48C3-8F23-9505922C02A0}.DefaultBuild|Any CPU.Build.0 = All
		{6F5C3B40-FCA0-48C3-8F23-9505922C02A0}.Release|Any CPU.ActiveCfg = All
		{6F5C3B40-FCA0-48C3-8F23-9505922C02A0}.Release|Any CPU.Build.0 = All
	EndGlobalSection
	GlobalSection(SolutionProperties) = preSolution
		HideSolutionNode = FALSE
	EndGlobalSection
	GlobalSection(ExtensibilityGlobals) = postSolution
		SolutionGuid = {1F814A9B-B4CD-4EE8-9654-F2D3E244F397}
	EndGlobalSection
EndGlobal
